
Microsoft Visual Studio Solution File, Format Version 10.00
# Visual Studio 2008
Project("{8BC9CEB8-8B4A-11D0-8D11-00A0C91BC942}") = "Client", "Client\Client.vcproj", "{B8113F75-A5EF-434B-9A63-60F22115F60F}"
EndProject
Project("{8BC9CEB8-8B4A-11D0-8D11-00A0C91BC942}") = "Server", "Server\Server.vcproj", "{F1233B8F-5386-487F-9C06-F8501A7EA338}"
EndProject
Project("{8BC9CEB8-8B4A-11D0-8D11-00A0C91BC942}") = "LauncherLibrary", "LauncherLibrary\LauncherLibrary.vcproj", "{FDEC292B-DCC8-4D10-8A11-1700099BC31B}"
EndProject
Project("{8BC9CEB8-8B4A-11D0-8D11-00A0C91BC942}") = "Net", "Net\Net.vcproj", "{AF4DE4BA-2C45-476F-BF44-BFE4C69B71FE}"
EndProject
Project("{8BC9CEB8-8B4A-11D0-8D11-00A0C91BC942}") = "Launcher", "Launcher\Launcher.vcproj", "{7E4883E3-6BC8-4F4C-B189-5CAD30796186}"
EndProject
Global
	GlobalSection(SolutionConfigurationPlatforms) = preSolution
		Debug|Win32 = Debug|Win32
		Release|Win32 = Release|Win32
	EndGlobalSection
	GlobalSection(ProjectConfigurationPlatforms) = postSolution
		{B8113F75-A5EF-434B-9A63-60F22115F60F}.Debug|Win32.ActiveCfg = Debug|Win32
		{B8113F75-A5EF-434B-9A63-60F22115F60F}.Debug|Win32.Build.0 = Debug|Win32
		{B8113F75-A5EF-434B-9A63-60F22115F60F}.Release|Win32.ActiveCfg = Release|Win32
		{B8113F75-A5EF-434B-9A63-60F22115F60F}.Release|Win32.Build.0 = Release|Win32
		{F1233B8F-5386-487F-9C06-F8501A7EA338}.Debug|Win32.ActiveCfg = Debug|Win32
		{F1233B8F-5386-487F-9C06-F8501A7EA338}.Debug|Win32.Build.0 = Debug|Win32
		{F1233B8F-5386-487F-9C06-F8501A7EA338}.Release|Win32.ActiveCfg = Release|Win32
		{F1233B8F-5386-487F-9C06-F8501A7EA338}.Release|Win32.Build.0 = Release|Win32
		{FDEC292B-DCC8-4D10-8A11-1700099BC31B}.Debug|Win32.ActiveCfg = Debug|Win32
		{FDEC292B-DCC8-4D10-8A11-1700099BC31B}.Debug|Win32.Build.0 = Debug|Win32
		{FDEC292B-DCC8-4D10-8A11-1700099BC31B}.Release|Win32.ActiveCfg = Release|Win32
		{FDEC292B-DCC8-4D10-8A11-1700099BC31B}.Release|Win32.Build.0 = Release|Win32
		{AF4DE4BA-2C45-476F-BF44-BFE4C69B71FE}.Debug|Win32.ActiveCfg = Debug|Win32
		{AF4DE4BA-2C45-476F-BF44-BFE4C69B71FE}.Debug|Win32.Build.0 = Debug|Win32
		{AF4DE4BA-2C45-476F-BF44-BFE4C69B71FE}.Release|Win32.ActiveCfg = Release|Win32
		{AF4DE4BA-2C45-476F-BF44-BFE4C69B71FE}.Release|Win32.Build.0 = Release|Win32
		{7E4883E3-6BC8-4F4C-B189-5CAD30796186}.Debug|Win32.ActiveCfg = Debug|Win32
		{7E4883E3-6BC8-4F4C-B189-5CAD30796186}.Debug|Win32.Build.0 = Debug|Win32
		{7E4883E3-6BC8-4F4C-B189-5CAD30796186}.Release|Win32.ActiveCfg = Release|Win32
		{7E4883E3-6BC8-4F4C-B189-5CAD30796186}.Release|Win32.Build.0 = Release|Win32
	EndGlobalSection
	GlobalSection(SolutionProperties) = preSolution
		HideSolutionNode = FALSE
	EndGlobalSection
EndGlobal
